// !$*UTF8*$!
{
	archiveVersion = 1;
	classes = {
	};
	objectVersion = 56;
	objects = {

/* Begin PBXBuildFile section */
		FA0FE2F329D678AB00F04914 /* Alex_TestApp.swift in Sources */ = {isa = PBXBuildFile; fileRef = FA0FE2F229D678AB00F04914 /* Alex_TestApp.swift */; };
		FA0FE2F529D678AB00F04914 /* ContentView.swift in Sources */ = {isa = PBXBuildFile; fileRef = FA0FE2F429D678AB00F04914 /* ContentView.swift */; };
		FA0FE2F729D678AC00F04914 /* Assets.xcassets in Resources */ = {isa = PBXBuildFile; fileRef = FA0FE2F629D678AC00F04914 /* Assets.xcassets */; };
		FA0FE2FA29D678AC00F04914 /* Preview Assets.xcassets in Resources */ = {isa = PBXBuildFile; fileRef = FA0FE2F929D678AC00F04914 /* Preview Assets.xcassets */; };
		FA0FE30429D678AC00F04914 /* Alex_TestTests.swift in Sources */ = {isa = PBXBuildFile; fileRef = FA0FE30329D678AC00F04914 /* Alex_TestTests.swift */; };
		FA0FE30E29D678AC00F04914 /* Alex_TestUITests.swift in Sources */ = {isa = PBXBuildFile; fileRef = FA0FE30D29D678AC00F04914 /* Alex_TestUITests.swift */; };
		FA0FE31029D678AC00F04914 /* Alex_TestUITestsLaunchTests.swift in Sources */ = {isa = PBXBuildFile; fileRef = FA0FE30F29D678AC00F04914 /* Alex_TestUITestsLaunchTests.swift */; };
		FA0FE31D29D6886500F04914 /* PlanFile.swift in Sources */ = {isa = PBXBuildFile; fileRef = FA0FE31C29D6886500F04914 /* PlanFile.swift */; };
		FA0FE31F29D68DA400F04914 /* KeduaContentView.swift in Sources */ = {isa = PBXBuildFile; fileRef = FA0FE31E29D68DA400F04914 /* KeduaContentView.swift */; };
/* End PBXBuildFile section */

/* Begin PBXContainerItemProxy section */
		FA0FE30029D678AC00F04914 /* PBXContainerItemProxy */ = {
			isa = PBXContainerItemProxy;
			containerPortal = FA0FE2E729D678AB00F04914 /* Project object */;
			proxyType = 1;
			remoteGlobalIDString = FA0FE2EE29D678AB00F04914;
			remoteInfo = "Alex Test";
		};
		FA0FE30A29D678AC00F04914 /* PBXContainerItemProxy */ = {
			isa = PBXContainerItemProxy;
			containerPortal = FA0FE2E729D678AB00F04914 /* Project object */;
			proxyType = 1;
			remoteGlobalIDString = FA0FE2EE29D678AB00F04914;
			remoteInfo = "Alex Test";
		};
/* End PBXContainerItemProxy section */

/* Begin PBXFileReference section */
		FA0FE2EF29D678AB00F04914 /* Alex Test.app */ = {isa = PBXFileReference; explicitFileType = wrapper.application; includeInIndex = 0; path = "Alex Test.app"; sourceTree = BUILT_PRODUCTS_DIR; };
		FA0FE2F229D678AB00F04914 /* Alex_TestApp.swift */ = {isa = PBXFileReference; lastKnownFileType = sourcecode.swift; path = Alex_TestApp.swift; sourceTree = "<group>"; };
		FA0FE2F429D678AB00F04914 /* ContentView.swift */ = {isa = PBXFileReference; lastKnownFileType = sourcecode.swift; path = ContentView.swift; sourceTree = "<group>"; };
		FA0FE2F629D678AC00F04914 /* Assets.xcassets */ = {isa = PBXFileReference; lastKnownFileType = folder.assetcatalog; path = Assets.xcassets; sourceTree = "<group>"; };
		FA0FE2F929D678AC00F04914 /* Preview Assets.xcassets */ = {isa = PBXFileReference; lastKnownFileType = folder.assetcatalog; path = "Preview Assets.xcassets"; sourceTree = "<group>"; };
		FA0FE2FF29D678AC00F04914 /* Alex TestTests.xctest */ = {isa = PBXFileReference; explicitFileType = wrapper.cfbundle; includeInIndex = 0; path = "Alex TestTests.xctest"; sourceTree = BUILT_PRODUCTS_DIR; };
		FA0FE30329D678AC00F04914 /* Alex_TestTests.swift */ = {isa = PBXFileReference; lastKnownFileType = sourcecode.swift; path = Alex_TestTests.swift; sourceTree = "<group>"; };
		FA0FE30929D678AC00F04914 /* Alex TestUITests.xctest */ = {isa = PBXFileReference; explicitFileType = wrapper.cfbundle; includeInIndex = 0; path = "Alex TestUITests.xctest"; sourceTree = BUILT_PRODUCTS_DIR; };
		FA0FE30D29D678AC00F04914 /* Alex_TestUITests.swift */ = {isa = PBXFileReference; lastKnownFileType = sourcecode.swift; path = Alex_TestUITests.swift; sourceTree = "<group>"; };
		FA0FE30F29D678AC00F04914 /* Alex_TestUITestsLaunchTests.swift */ = {isa = PBXFileReference; lastKnownFileType = sourcecode.swift; path = Alex_TestUITestsLaunchTests.swift; sourceTree = "<group>"; };
		FA0FE31C29D6886500F04914 /* PlanFile.swift */ = {isa = PBXFileReference; lastKnownFileType = sourcecode.swift; path = PlanFile.swift; sourceTree = "<group>"; };
		FA0FE31E29D68DA400F04914 /* KeduaContentView.swift */ = {isa = PBXFileReference; lastKnownFileType = sourcecode.swift; path = KeduaContentView.swift; sourceTree = "<group>"; };
/* End PBXFileReference section */

/* Begin PBXFrameworksBuildPhase section */
		FA0FE2EC29D678AB00F04914 /* Frameworks */ = {
			isa = PBXFrameworksBuildPhase;
			buildActionMask = 2147483647;
			files = (
			);
			runOnlyForDeploymentPostprocessing = 0;
		};
		FA0FE2FC29D678AC00F04914 /* Frameworks */ = {
			isa = PBXFrameworksBuildPhase;
			buildActionMask = 2147483647;
			files = (
			);
			runOnlyForDeploymentPostprocessing = 0;
		};
		FA0FE30629D678AC00F04914 /* Frameworks */ = {
			isa = PBXFrameworksBuildPhase;
			buildActionMask = 2147483647;
			files = (
			);
			runOnlyForDeploymentPostprocessing = 0;
		};
/* End PBXFrameworksBuildPhase section */

/* Begin PBXGroup section */
		FA0FE2E629D678AB00F04914 = {
			isa = PBXGroup;
			children = (
				FA0FE2F129D678AB00F04914 /* Alex Test */,
				FA0FE30229D678AC00F04914 /* Alex TestTests */,
				FA0FE30C29D678AC00F04914 /* Alex TestUITests */,
				FA0FE2F029D678AB00F04914 /* Products */,
			);
			sourceTree = "<group>";
		};
		FA0FE2F029D678AB00F04914 /* Products */ = {
			isa = PBXGroup;
			children = (
				FA0FE2EF29D678AB00F04914 /* Alex Test.app */,
				FA0FE2FF29D678AC00F04914 /* Alex TestTests.xctest */,
				FA0FE30929D678AC00F04914 /* Alex TestUITests.xctest */,
			);
			name = Products;
			sourceTree = "<group>";
		};
		FA0FE2F129D678AB00F04914 /* Alex Test */ = {
			isa = PBXGroup;
			children = (
				FA0FE31C29D6886500F04914 /* PlanFile.swift */,
				FA0FE2F229D678AB00F04914 /* Alex_TestApp.swift */,
				FA0FE2F429D678AB00F04914 /* ContentView.swift */,
				FA0FE31E29D68DA400F04914 /* KeduaContentView.swift */,
				FA0FE2F629D678AC00F04914 /* Assets.xcassets */,
				FA0FE2F829D678AC00F04914 /* Preview Content */,
			);
			path = "Alex Test";
			sourceTree = "<group>";
		};
		FA0FE2F829D678AC00F04914 /* Preview Content */ = {
			isa = PBXGroup;
			children = (
				FA0FE2F929D678AC00F04914 /* Preview Assets.xcassets */,
			);
			path = "Preview Content";
			sourceTree = "<group>";
		};
		FA0FE30229D678AC00F04914 /* Alex TestTests */ = {
			isa = PBXGroup;
			children = (
				FA0FE30329D678AC00F04914 /* Alex_TestTests.swift */,
			);
			path = "Alex TestTests";
			sourceTree = "<group>";
		};
		FA0FE30C29D678AC00F04914 /* Alex TestUITests */ = {
			isa = PBXGroup;
			children = (
				FA0FE30D29D678AC00F04914 /* Alex_TestUITests.swift */,
				FA0FE30F29D678AC00F04914 /* Alex_TestUITestsLaunchTests.swift */,
			);
			path = "Alex TestUITests";
			sourceTree = "<group>";
		};
/* End PBXGroup section */

/* Begin PBXNativeTarget section */
		FA0FE2EE29D678AB00F04914 /* Alex Test */ = {
			isa = PBXNativeTarget;
			buildConfigurationList = FA0FE31329D678AC00F04914 /* Build configuration list for PBXNativeTarget "Alex Test" */;
			buildPhases = (
				FA0FE2EB29D678AB00F04914 /* Sources */,
				FA0FE2EC29D678AB00F04914 /* Frameworks */,
				FA0FE2ED29D678AB00F04914 /* Resources */,
			);
			buildRules = (
			);
			dependencies = (
			);
			name = "Alex Test";
			productName = "Alex Test";
			productReference = FA0FE2EF29D678AB00F04914 /* Alex Test.app */;
			productType = "com.apple.product-type.application";
		};
		FA0FE2FE29D678AC00F04914 /* Alex TestTests */ = {
			isa = PBXNativeTarget;
			buildConfigurationList = FA0FE31629D678AC00F04914 /* Build configuration list for PBXNativeTarget "Alex TestTests" */;
			buildPhases = (
				FA0FE2FB29D678AC00F04914 /* Sources */,
				FA0FE2FC29D678AC00F04914 /* Frameworks */,
				FA0FE2FD29D678AC00F04914 /* Resources */,
			);
			buildRules = (
			);
			dependencies = (
				FA0FE30129D678AC00F04914 /* PBXTargetDependency */,
			);
			name = "Alex TestTests";
			productName = "Alex TestTests";
			productReference = FA0FE2FF29D678AC00F04914 /* Alex TestTests.xctest */;
			productType = "com.apple.product-type.bundle.unit-test";
		};
		FA0FE30829D678AC00F04914 /* Alex TestUITests */ = {
			isa = PBXNativeTarget;
			buildConfigurationList = FA0FE31929D678AC00F04914 /* Build configuration list for PBXNativeTarget "Alex TestUITests" */;
			buildPhases = (
				FA0FE30529D678AC00F04914 /* Sources */,
				FA0FE30629D678AC00F04914 /* Frameworks */,
				FA0FE30729D678AC00F04914 /* Resources */,
			);
			buildRules = (
			);
			dependencies = (
				FA0FE30B29D678AC00F04914 /* PBXTargetDependency */,
			);
			name = "Alex TestUITests";
			productName = "Alex TestUITests";
			productReference = FA0FE30929D678AC00F04914 /* Alex TestUITests.xctest */;
			productType = "com.apple.product-type.bundle.ui-testing";
		};
/* End PBXNativeTarget section */

/* Begin PBXProject section */
		FA0FE2E729D678AB00F04914 /* Project object */ = {
			isa = PBXProject;
			attributes = {
				BuildIndependentTargetsInParallel = 1;
				LastSwiftUpdateCheck = 1420;
				LastUpgradeCheck = 1420;
				TargetAttributes = {
					FA0FE2EE29D678AB00F04914 = {
						CreatedOnToolsVersion = 14.2;
					};
					FA0FE2FE29D678AC00F04914 = {
						CreatedOnToolsVersion = 14.2;
						TestTargetID = FA0FE2EE29D678AB00F04914;
					};
					FA0FE30829D678AC00F04914 = {
						CreatedOnToolsVersion = 14.2;
						TestTargetID = FA0FE2EE29D678AB00F04914;
					};
				};
			};
			buildConfigurationList = FA0FE2EA29D678AB00F04914 /* Build configuration list for PBXProject "Alex Test" */;
			compatibilityVersion = "Xcode 14.0";
			developmentRegion = en;
			hasScannedForEncodings = 0;
			knownRegions = (
				en,
				Base,
			);
			mainGroup = FA0FE2E629D678AB00F04914;
			productRefGroup = FA0FE2F029D678AB00F04914 /* Products */;
			projectDirPath = "";
			projectRoot = "";
			targets = (
				FA0FE2EE29D678AB00F04914 /* Alex Test */,
				FA0FE2FE29D678AC00F04914 /* Alex TestTests */,
				FA0FE30829D678AC00F04914 /* Alex TestUITests */,
			);
		};
/* End PBXProject section */

/* Begin PBXResourcesBuildPhase section */
		FA0FE2ED29D678AB00F04914 /* Resources */ = {
			isa = PBXResourcesBuildPhase;
			buildActionMask = 2147483647;
			files = (
				FA0FE2FA29D678AC00F04914 /* Preview Assets.xcassets in Resources */,
				FA0FE2F729D678AC00F04914 /* Assets.xcassets in Resources */,
			);
			runOnlyForDeploymentPostprocessing = 0;
		};
		FA0FE2FD29D678AC00F04914 /* Resources */ = {
			isa = PBXResourcesBuildPhase;
			buildActionMask = 2147483647;
			files = (
			);
			runOnlyForDeploymentPostprocessing = 0;
		};
		FA0FE30729D678AC00F04914 /* Resources */ = {
			isa = PBXResourcesBuildPhase;
			buildActionMask = 2147483647;
			files = (
			);
			runOnlyForDeploymentPostprocessing = 0;
		};
/* End PBXResourcesBuildPhase section */

/* Begin PBXSourcesBuildPhase section */
		FA0FE2EB29D678AB00F04914 /* Sources */ = {
			isa = PBXSourcesBuildPhase;
			buildActionMask = 2147483647;
			files = (
				FA0FE2F529D678AB00F04914 /* ContentView.swift in Sources */,
				FA0FE31F29D68DA400F04914 /* KeduaContentView.swift in Sources */,
				FA0FE2F329D678AB00F04914 /* Alex_TestApp.swift in Sources */,
				FA0FE31D29D6886500F04914 /* PlanFile.swift in Sources */,
			);
			runOnlyForDeploymentPostprocessing = 0;
		};
		FA0FE2FB29D678AC00F04914 /* Sources */ = {
			isa = PBXSourcesBuildPhase;
			buildActionMask = 2147483647;
			files = (
				FA0FE30429D678AC00F04914 /* Alex_TestTests.swift in Sources */,
			);
			runOnlyForDeploymentPostprocessing = 0;
		};
		FA0FE30529D678AC00F04914 /* Sources */ = {
			isa = PBXSourcesBuildPhase;
			buildActionMask = 2147483647;
			files = (
				FA0FE31029D678AC00F04914 /* Alex_TestUITestsLaunchTests.swift in Sources */,
				FA0FE30E29D678AC00F04914 /* Alex_TestUITests.swift in Sources */,
			);
			runOnlyForDeploymentPostprocessing = 0;
		};
/* End PBXSourcesBuildPhase section */

/* Begin PBXTargetDependency section */
		FA0FE30129D678AC00F04914 /* PBXTargetDependency */ = {
			isa = PBXTargetDependency;
			target = FA0FE2EE29D678AB00F04914 /* Alex Test */;
			targetProxy = FA0FE30029D678AC00F04914 /* PBXContainerItemProxy */;
		};
		FA0FE30B29D678AC00F04914 /* PBXTargetDependency */ = {
			isa = PBXTargetDependency;
			target = FA0FE2EE29D678AB00F04914 /* Alex Test */;
			targetProxy = FA0FE30A29D678AC00F04914 /* PBXContainerItemProxy */;
		};
/* End PBXTargetDependency section */

/* Begin XCBuildConfiguration section */
		FA0FE31129D678AC00F04914 /* Debug */ = {
			isa = XCBuildConfiguration;
			buildSettings = {
				ALWAYS_SEARCH_USER_PATHS = NO;
				CLANG_ANALYZER_NONNULL = YES;
				CLANG_ANALYZER_NUMBER_OBJECT_CONVERSION = YES_AGGRESSIVE;
				CLANG_CXX_LANGUAGE_STANDARD = "gnu++20";
				CLANG_ENABLE_MODULES = YES;
				CLANG_ENABLE_OBJC_ARC = YES;
				CLANG_ENABLE_OBJC_WEAK = YES;
				CLANG_WARN_BLOCK_CAPTURE_AUTORELEASING = YES;
				CLANG_WARN_BOOL_CONVERSION = YES;
				CLANG_WARN_COMMA = YES;
				CLANG_WARN_CONSTANT_CONVERSION = YES;
				CLANG_WARN_DEPRECATED_OBJC_IMPLEMENTATIONS = YES;
				CLANG_WARN_DIRECT_OBJC_ISA_USAGE = YES_ERROR;
				CLANG_WARN_DOCUMENTATION_COMMENTS = YES;
				CLANG_WARN_EMPTY_BODY = YES;
				CLANG_WARN_ENUM_CONVERSION = YES;
				CLANG_WARN_INFINITE_RECURSION = YES;
				CLANG_WARN_INT_CONVERSION = YES;
				CLANG_WARN_NON_LITERAL_NULL_CONVERSION = YES;
				CLANG_WARN_OBJC_IMPLICIT_RETAIN_SELF = YES;
				CLANG_WARN_OBJC_LITERAL_CONVERSION = YES;
				CLANG_WARN_OBJC_ROOT_CLASS = YES_ERROR;
				CLANG_WARN_QUOTED_INCLUDE_IN_FRAMEWORK_HEADER = YES;
				CLANG_WARN_RANGE_LOOP_ANALYSIS = YES;
				CLANG_WARN_STRICT_PROTOTYPES = YES;
				CLANG_WARN_SUSPICIOUS_MOVE = YES;
				CLANG_WARN_UNGUARDED_AVAILABILITY = YES_AGGRESSIVE;
				CLANG_WARN_UNREACHABLE_CODE = YES;
				CLANG_WARN__DUPLICATE_METHOD_MATCH = YES;
				COPY_PHASE_STRIP = NO;
				DEBUG_INFORMATION_FORMAT = dwarf;
				ENABLE_STRICT_OBJC_MSGSEND = YES;
				ENABLE_TESTABILITY = YES;
				GCC_C_LANGUAGE_STANDARD = gnu11;
				GCC_DYNAMIC_NO_PIC = NO;
				GCC_NO_COMMON_BLOCKS = YES;
				GCC_OPTIMIZATION_LEVEL = 0;
				GCC_PREPROCESSOR_DEFINITIONS = (
					"DEBUG=1",
					"$(inherited)",
				);
				GCC_WARN_64_TO_32_BIT_CONVERSION = YES;
				GCC_WARN_ABOUT_RETURN_TYPE = YES_ERROR;
				GCC_WARN_UNDECLARED_SELECTOR = YES;
				GCC_WARN_UNINITIALIZED_AUTOS = YES_AGGRESSIVE;
				GCC_WARN_UNUSED_FUNCTION = YES;
				GCC_WARN_UNUSED_VARIABLE = YES;
				IPHONEOS_DEPLOYMENT_TARGET = 16.2;
				MTL_ENABLE_DEBUG_INFO = INCLUDE_SOURCE;
				MTL_FAST_MATH = YES;
				ONLY_ACTIVE_ARCH = YES;
				SDKROOT = iphoneos;
				SWIFT_ACTIVE_COMPILATION_CONDITIONS = DEBUG;
				SWIFT_OPTIMIZATION_LEVEL = "-Onone";
			};
			name = Debug;
		};
		FA0FE31229D678AC00F04914 /* Release */ = {
			isa = XCBuildConfiguration;
			buildSettings = {
				ALWAYS_SEARCH_USER_PATHS = NO;
				CLANG_ANALYZER_NONNULL = YES;
				CLANG_ANALYZER_NUMBER_OBJECT_CONVERSION = YES_AGGRESSIVE;
				CLANG_CXX_LANGUAGE_STANDARD = "gnu++20";
				CLANG_ENABLE_MODULES = YES;
				CLANG_ENABLE_OBJC_ARC = YES;
				CLANG_ENABLE_OBJC_WEAK = YES;
				CLANG_WARN_BLOCK_CAPTURE_AUTORELEASING = YES;
				CLANG_WARN_BOOL_CONVERSION = YES;
				CLANG_WARN_COMMA = YES;
				CLANG_WARN_CONSTANT_CONVERSION = YES;
				CLANG_WARN_DEPRECATED_OBJC_IMPLEMENTATIONS = YES;
				CLANG_WARN_DIRECT_OBJC_ISA_USAGE = YES_ERROR;
				CLANG_WARN_DOCUMENTATION_COMMENTS = YES;
				CLANG_WARN_EMPTY_BODY = YES;
				CLANG_WARN_ENUM_CONVERSION = YES;
				CLANG_WARN_INFINITE_RECURSION = YES;
				CLANG_WARN_INT_CONVERSION = YES;
				CLANG_WARN_NON_LITERAL_NULL_CONVERSION = YES;
				CLANG_WARN_OBJC_IMPLICIT_RETAIN_SELF = YES;
				CLANG_WARN_OBJC_LITERAL_CONVERSION = YES;
				CLANG_WARN_OBJC_ROOT_CLASS = YES_ERROR;
				CLANG_WARN_QUOTED_INCLUDE_IN_FRAMEWORK_HEADER = YES;
				CLANG_WARN_RANGE_LOOP_ANALYSIS = YES;
				CLANG_WARN_STRICT_PROTOTYPES = YES;
				CLANG_WARN_SUSPICIOUS_MOVE = YES;
				CLANG_WARN_UNGUARDED_AVAILABILITY = YES_AGGRESSIVE;
				CLANG_WARN_UNREACHABLE_CODE = YES;
				CLANG_WARN__DUPLICATE_METHOD_MATCH = YES;
				COPY_PHASE_STRIP = NO;
				DEBUG_INFORMATION_FORMAT = "dwarf-with-dsym";
				ENABLE_NS_ASSERTIONS = NO;
				ENABLE_STRICT_OBJC_MSGSEND = YES;
				GCC_C_LANGUAGE_STANDARD = gnu11;
				GCC_NO_COMMON_BLOCKS = YES;
				GCC_WARN_64_TO_32_BIT_CONVERSION = YES;
				GCC_WARN_ABOUT_RETURN_TYPE = YES_ERROR;
				GCC_WARN_UNDECLARED_SELECTOR = YES;
				GCC_WARN_UNINITIALIZED_AUTOS = YES_AGGRESSIVE;
				GCC_WARN_UNUSED_FUNCTION = YES;
				GCC_WARN_UNUSED_VARIABLE = YES;
				IPHONEOS_DEPLOYMENT_TARGET = 16.2;
				MTL_ENABLE_DEBUG_INFO = NO;
				MTL_FAST_MATH = YES;
				SDKROOT = iphoneos;
				SWIFT_COMPILATION_MODE = wholemodule;
				SWIFT_OPTIMIZATION_LEVEL = "-O";
				VALIDATE_PRODUCT = YES;
			};
			name = Release;
		};
		FA0FE31429D678AC00F04914 /* Debug */ = {
			isa = XCBuildConfiguration;
			buildSettings = {
				ASSETCATALOG_COMPILER_APPICON_NAME = AppIcon;
				ASSETCATALOG_COMPILER_GLOBAL_ACCENT_COLOR_NAME = AccentColor;
				CODE_SIGN_STYLE = Automatic;
				CURRENT_PROJECT_VERSION = 1;
				DEVELOPMENT_ASSET_PATHS = "\"Alex Test/Preview Content\"";
				ENABLE_PREVIEWS = YES;
				GENERATE_INFOPLIST_FILE = YES;
				INFOPLIST_KEY_UIApplicationSceneManifest_Generation = YES;
				INFOPLIST_KEY_UIApplicationSupportsIndirectInputEvents = YES;
				INFOPLIST_KEY_UILaunchScreen_Generation = YES;
				INFOPLIST_KEY_UISupportedInterfaceOrientations_iPad = "UIInterfaceOrientationPortrait UIInterfaceOrientationPortraitUpsideDown UIInterfaceOrientationLandscapeLeft UIInterfaceOrientationLandscapeRight";
				INFOPLIST_KEY_UISupportedInterfaceOrientations_iPhone = "UIInterfaceOrientationPortrait UIInterfaceOrientationLandscapeLeft UIInterfaceOrientationLandscapeRight";
				LD_RUNPATH_SEARCH_PATHS = (
					"$(inherited)",
					"@executable_path/Frameworks",
				);
				MARKETING_VERSION = 1.0;
				PRODUCT_BUNDLE_IDENTIFIER = "com.ada.Alex-Test";
				PRODUCT_NAME = "$(TARGET_NAME)";
				SWIFT_EMIT_LOC_STRINGS = YES;
				SWIFT_VERSION = 5.0;
				TARGETED_DEVICE_FAMILY = "1,2";
			};
			name = Debug;
		};
		FA0FE31529D678AC00F04914 /* Release */ = {
			isa = XCBuildConfiguration;
			buildSettings = {
				ASSETCATALOG_COMPILER_APPICON_NAME = AppIcon;
				ASSETCATALOG_COMPILER_GLOBAL_ACCENT_COLOR_NAME = AccentColor;
				CODE_SIGN_STYLE = Automatic;
				CURRENT_PROJECT_VERSION = 1;
				DEVELOPMENT_ASSET_PATHS = "\"Alex Test/Preview Content\"";
				ENABLE_PREVIEWS = YES;
				GENERATE_INFOPLIST_FILE = YES;
				INFOPLIST_KEY_UIApplicationSceneManifest_Generation = YES;
				INFOPLIST_KEY_UIApplicationSupportsIndirectInputEvents = YES;
				INFOPLIST_KEY_UILaunchScreen_Generation = YES;
				INFOPLIST_KEY_UISupportedInterfaceOrientations_iPad = "UIInterfaceOrientationPortrait UIInterfaceOrientationPortraitUpsideDown UIInterfaceOrientationLandscapeLeft UIInterfaceOrientationLandscapeRight";
				INFOPLIST_KEY_UISupportedInterfaceOrientations_iPhone = "UIInterfaceOrientationPortrait UIInterfaceOrientationLandscapeLeft UIInterfaceOrientationLandscapeRight";
				LD_RUNPATH_SEARCH_PATHS = (
					"$(inherited)",
					"@executable_path/Frameworks",
				);
				MARKETING_VERSION = 1.0;
				PRODUCT_BUNDLE_IDENTIFIER = "com.ada.Alex-Test";
				PRODUCT_NAME = "$(TARGET_NAME)";
				SWIFT_EMIT_LOC_STRINGS = YES;
				SWIFT_VERSION = 5.0;
				TARGETED_DEVICE_FAMILY = "1,2";
			};
			name = Release;
		};
		FA0FE31729D678AC00F04914 /* Debug */ = {
			isa = XCBuildConfiguration;
			buildSettings = {
				ALWAYS_EMBED_SWIFT_STANDARD_LIBRARIES = YES;
				BUNDLE_LOADER = "$(TEST_HOST)";
				CODE_SIGN_STYLE = Automatic;
				CURRENT_PROJECT_VERSION = 1;
				GENERATE_INFOPLIST_FILE = YES;
				IPHONEOS_DEPLOYMENT_TARGET = 16.2;
				MARKETING_VERSION = 1.0;
				PRODUCT_BUNDLE_IDENTIFIER = "com.ada.Alex-TestTests";
				PRODUCT_NAME = "$(TARGET_NAME)";
				SWIFT_EMIT_LOC_STRINGS = NO;
				SWIFT_VERSION = 5.0;
				TARGETED_DEVICE_FAMILY = "1,2";
				TEST_HOST = "$(BUILT_PRODUCTS_DIR)/Alex Test.app/$(BUNDLE_EXECUTABLE_FOLDER_PATH)/Alex Test";
			};
			name = Debug;
		};
		FA0FE31829D678AC00F04914 /* Release */ = {
			isa = XCBuildConfiguration;
			buildSettings = {
				ALWAYS_EMBED_SWIFT_STANDARD_LIBRARIES = YES;
				BUNDLE_LOADER = "$(TEST_HOST)";
				CODE_SIGN_STYLE = Automatic;
				CURRENT_PROJECT_VERSION = 1;
				GENERATE_INFOPLIST_FILE = YES;
				IPHONEOS_DEPLOYMENT_TARGET = 16.2;
				MARKETING_VERSION = 1.0;
				PRODUCT_BUNDLE_IDENTIFIER = "com.ada.Alex-TestTests";
				PRODUCT_NAME = "$(TARGET_NAME)";
				SWIFT_EMIT_LOC_STRINGS = NO;
				SWIFT_VERSION = 5.0;
				TARGETED_DEVICE_FAMILY = "1,2";
				TEST_HOST = "$(BUILT_PRODUCTS_DIR)/Alex Test.app/$(BUNDLE_EXECUTABLE_FOLDER_PATH)/Alex Test";
			};
			name = Release;
		};
		FA0FE31A29D678AC00F04914 /* Debug */ = {
			isa = XCBuildConfiguration;
			buildSettings = {
				ALWAYS_EMBED_SWIFT_STANDARD_LIBRARIES = YES;
				CODE_SIGN_STYLE = Automatic;
				CURRENT_PROJECT_VERSION = 1;
				GENERATE_INFOPLIST_FILE = YES;
				MARKETING_VERSION = 1.0;
				PRODUCT_BUNDLE_IDENTIFIER = "com.ada.Alex-TestUITests";
				PRODUCT_NAME = "$(TARGET_NAME)";
				SWIFT_EMIT_LOC_STRINGS = NO;
				SWIFT_VERSION = 5.0;
				TARGETED_DEVICE_FAMILY = "1,2";
				TEST_TARGET_NAME = "Alex Test";
			};
			name = Debug;
		};
		FA0FE31B29D678AC00F04914 /* Release */ = {
			isa = XCBuildConfiguration;
			buildSettings = {
				ALWAYS_EMBED_SWIFT_STANDARD_LIBRARIES = YES;
				CODE_SIGN_STYLE = Automatic;
				CURRENT_PROJECT_VERSION = 1;
				GENERATE_INFOPLIST_FILE = YES;
				MARKETING_VERSION = 1.0;
				PRODUCT_BUNDLE_IDENTIFIER = "com.ada.Alex-TestUITests";
				PRODUCT_NAME = "$(TARGET_NAME)";
				SWIFT_EMIT_LOC_STRINGS = NO;
				SWIFT_VERSION = 5.0;
				TARGETED_DEVICE_FAMILY = "1,2";
				TEST_TARGET_NAME = "Alex Test";
			};
			name = Release;
		};
/* End XCBuildConfiguration section */

/* Begin XCConfigurationList section */
		FA0FE2EA29D678AB00F04914 /* Build configuration list for PBXProject "Alex Test" */ = {
			isa = XCConfigurationList;
			buildConfigurations = (
				FA0FE31129D678AC00F04914 /* Debug */,
				FA0FE31229D678AC00F04914 /* Release */,
			);
			defaultConfigurationIsVisible = 0;
			defaultConfigurationName = Release;
		};
		FA0FE31329D678AC00F04914 /* Build configuration list for PBXNativeTarget "Alex Test" */ = {
			isa = XCConfigurationList;
			buildConfigurations = (
				FA0FE31429D678AC00F04914 /* Debug */,
				FA0FE31529D678AC00F04914 /* Release */,
			);
			defaultConfigurationIsVisible = 0;
			defaultConfigurationName = Release;
		};
		FA0FE31629D678AC00F04914 /* Build configuration list for PBXNativeTarget "Alex TestTests" */ = {
			isa = XCConfigurationList;
			buildConfigurations = (
				FA0FE31729D678AC00F04914 /* Debug */,
				FA0FE31829D678AC00F04914 /* Release */,
			);
			defaultConfigurationIsVisible = 0;
			defaultConfigurationName = Release;
		};
		FA0FE31929D678AC00F04914 /* Build configuration list for PBXNativeTarget "Alex TestUITests" */ = {
			isa = XCConfigurationList;
			buildConfigurations = (
				FA0FE31A29D678AC00F04914 /* Debug */,
				FA0FE31B29D678AC00F04914 /* Release */,
			);
			defaultConfigurationIsVisible = 0;
			defaultConfigurationName = Release;
		};
/* End XCConfigurationList section */
	};
	rootObject = FA0FE2E729D678AB00F04914 /* Project object */;
}
